
Microsoft Visual Studio Solution File, Format Version 12.00
# Visual Studio Version 16
VisualStudioVersion = 16.0.30907.101
MinimumVisualStudioVersion = 10.0.40219.1
Project("{FAE04EC0-301F-11D3-BF4B-00C04F79EFBC}") = "Calculator", "Calculator\Calculator.csproj", "{4A944C6E-0D85-4D3C-9EED-9834A5997FBA}"
EndProject
Global
	GlobalSection(SolutionConfigurationPlatforms) = preSolution
		Debug|Any CPU = Debug|Any CPU
		Release|Any CPU = Release|Any CPU
	EndGlobalSection
	GlobalSection(ProjectConfigurationPlatforms) = postSolution
		{4A944C6E-0D85-4D3C-9EED-9834A5997FBA}.Debug|Any CPU.ActiveCfg = Debug|Any CPU
		{4A944C6E-0D85-4D3C-9EED-9834A5997FBA}.Debug|Any CPU.Build.0 = Debug|Any CPU
		{4A944C6E-0D85-4D3C-9EED-9834A5997FBA}.Release|Any CPU.ActiveCfg = Release|Any CPU
		{4A944C6E-0D85-4D3C-9EED-9834A5997FBA}.Release|Any CPU.Build.0 = Release|Any CPU
	EndGlobalSection
	GlobalSection(SolutionProperties) = preSolution
		HideSolutionNode = FALSE
	EndGlobalSection
	GlobalSection(ExtensibilityGlobals) = postSolution
		SolutionGuid = {40EA936C-8D7A-4380-AEBA-83A4863CFE87}
	EndGlobalSection
EndGlobal
